
Microsoft Visual Studio Solution File, Format Version 12.00
# Visual Studio Version 16
VisualStudioVersion = 16.0.30114.105
MinimumVisualStudioVersion = 10.0.40219.1
Project("{FAE04EC0-301F-11D3-BF4B-00C04F79EFBC}") = "LibraryDB", "LibraryDB\LibraryDB.csproj", "{452FD02E-7E71-4E76-A797-915F466D44CF}"
EndProject
Global
	GlobalSection(SolutionConfigurationPlatforms) = preSolution
		Debug|Any CPU = Debug|Any CPU
		Release|Any CPU = Release|Any CPU
	EndGlobalSection
	GlobalSection(ProjectConfigurationPlatforms) = postSolution
		{452FD02E-7E71-4E76-A797-915F466D44CF}.Debug|Any CPU.ActiveCfg = Debug|Any CPU
		{452FD02E-7E71-4E76-A797-915F466D44CF}.Debug|Any CPU.Build.0 = Debug|Any CPU
		{452FD02E-7E71-4E76-A797-915F466D44CF}.Release|Any CPU.ActiveCfg = Release|Any CPU
		{452FD02E-7E71-4E76-A797-915F466D44CF}.Release|Any CPU.Build.0 = Release|Any CPU
	EndGlobalSection
	GlobalSection(SolutionProperties) = preSolution
		HideSolutionNode = FALSE
	EndGlobalSection
	GlobalSection(ExtensibilityGlobals) = postSolution
		SolutionGuid = {0927D707-BED9-40D7-9BE1-D7B284EBF3BB}
	EndGlobalSection
EndGlobal
